// !$*UTF8*$!
{
	archiveVersion = 1;
	classes = {
	};
	objectVersion = 50;
	objects = {

/* Begin PBXBuildFile section */
		75B2652FBCFCEFF3B1D97B14 /* libPods-First Demo.a in Frameworks */ = {isa = PBXBuildFile; fileRef = D8E703EFF579464717EA5775 /* libPods-First Demo.a */; };
		F300B75F224CDEA500A7A568 /* LocationSection.swift in Sources */ = {isa = PBXBuildFile; fileRef = F300B75E224CDEA500A7A568 /* LocationSection.swift */; };
		F300B761224CE57100A7A568 /* LocationsTable.swift in Sources */ = {isa = PBXBuildFile; fileRef = F300B760224CE57100A7A568 /* LocationsTable.swift */; };
		F300B763224F8CE100A7A568 /* PersonalInfoSection.swift in Sources */ = {isa = PBXBuildFile; fileRef = F300B762224F8CE100A7A568 /* PersonalInfoSection.swift */; };
		F300B76A225336F000A7A568 /* ModifyLocationOperation.swift in Sources */ = {isa = PBXBuildFile; fileRef = F300B769225336F000A7A568 /* ModifyLocationOperation.swift */; };
		F300B76C2253642500A7A568 /* GetPredictionsOperation.swift in Sources */ = {isa = PBXBuildFile; fileRef = F300B76B2253642500A7A568 /* GetPredictionsOperation.swift */; };
		F300B76E2253657F00A7A568 /* GetPlaceDetailsOperation.swift in Sources */ = {isa = PBXBuildFile; fileRef = F300B76D2253657F00A7A568 /* GetPlaceDetailsOperation.swift */; };
		F300B7702253BCC800A7A568 /* GetLocationsOperation.swift in Sources */ = {isa = PBXBuildFile; fileRef = F300B76F2253BCC800A7A568 /* GetLocationsOperation.swift */; };
		F34335232246D45A0050F17D /* NewLocationViewController.swift in Sources */ = {isa = PBXBuildFile; fileRef = F34335222246D45A0050F17D /* NewLocationViewController.swift */; };
		F3433525224AA6010050F17D /* ExampleData.swift in Sources */ = {isa = PBXBuildFile; fileRef = F3433524224AA6010050F17D /* ExampleData.swift */; };
		F3433529224AA8580050F17D /* CollapsibleTableViewController.swift in Sources */ = {isa = PBXBuildFile; fileRef = F3433528224AA8580050F17D /* CollapsibleTableViewController.swift */; };
		F343352B224AA8C70050F17D /* CollapsibleTableViewHeader.swift in Sources */ = {isa = PBXBuildFile; fileRef = F343352A224AA8C70050F17D /* CollapsibleTableViewHeader.swift */; };
		F343352D224AAB5F0050F17D /* Extensions.swift in Sources */ = {isa = PBXBuildFile; fileRef = F343352C224AAB5F0050F17D /* Extensions.swift */; };
		F34E8304225A28EA00043F6F /* GridViewController.swift in Sources */ = {isa = PBXBuildFile; fileRef = F34E8303225A28EA00043F6F /* GridViewController.swift */; };
		F34E8379225A593300043F6F /* StickyCollectionView.framework in Frameworks */ = {isa = PBXBuildFile; fileRef = F34E8378225A593300043F6F /* StickyCollectionView.framework */; };
		F34E837A225A593300043F6F /* StickyCollectionView.framework in Embed Frameworks */ = {isa = PBXBuildFile; fileRef = F34E8378225A593300043F6F /* StickyCollectionView.framework */; settings = {ATTRIBUTES = (CodeSignOnCopy, RemoveHeadersOnCopy, ); }; };
		F3B1ECE42246A8FC0049CBF6 /* AppDelegate.swift in Sources */ = {isa = PBXBuildFile; fileRef = F3B1ECE32246A8FC0049CBF6 /* AppDelegate.swift */; };
		F3B1ECE62246A8FC0049CBF6 /* MapViewController.swift in Sources */ = {isa = PBXBuildFile; fileRef = F3B1ECE52246A8FC0049CBF6 /* MapViewController.swift */; };
		F3B1ECE92246A8FC0049CBF6 /* Main.storyboard in Resources */ = {isa = PBXBuildFile; fileRef = F3B1ECE72246A8FC0049CBF6 /* Main.storyboard */; };
		F3B1ECEB2246A8FD0049CBF6 /* Assets.xcassets in Resources */ = {isa = PBXBuildFile; fileRef = F3B1ECEA2246A8FD0049CBF6 /* Assets.xcassets */; };
		F3B1ECEE2246A8FD0049CBF6 /* LaunchScreen.storyboard in Resources */ = {isa = PBXBuildFile; fileRef = F3B1ECEC2246A8FD0049CBF6 /* LaunchScreen.storyboard */; };
		F3B1ECF92246A8FD0049CBF6 /* First_DemoTests.swift in Sources */ = {isa = PBXBuildFile; fileRef = F3B1ECF82246A8FD0049CBF6 /* First_DemoTests.swift */; };
		F3B1ED042246A8FD0049CBF6 /* First_DemoUITests.swift in Sources */ = {isa = PBXBuildFile; fileRef = F3B1ED032246A8FD0049CBF6 /* First_DemoUITests.swift */; };
/* End PBXBuildFile section */

/* Begin PBXContainerItemProxy section */
		F3B1ECF52246A8FD0049CBF6 /* PBXContainerItemProxy */ = {
			isa = PBXContainerItemProxy;
			containerPortal = F3B1ECD82246A8FC0049CBF6 /* Project object */;
			proxyType = 1;
			remoteGlobalIDString = F3B1ECDF2246A8FC0049CBF6;
			remoteInfo = "First Demo";
		};
		F3B1ED002246A8FD0049CBF6 /* PBXContainerItemProxy */ = {
			isa = PBXContainerItemProxy;
			containerPortal = F3B1ECD82246A8FC0049CBF6 /* Project object */;
			proxyType = 1;
			remoteGlobalIDString = F3B1ECDF2246A8FC0049CBF6;
			remoteInfo = "First Demo";
		};
/* End PBXContainerItemProxy section */

/* Begin PBXCopyFilesBuildPhase section */
		F34E837B225A593300043F6F /* Embed Frameworks */ = {
			isa = PBXCopyFilesBuildPhase;
			buildActionMask = 2147483647;
			dstPath = "";
			dstSubfolderSpec = 10;
			files = (
				F34E837A225A593300043F6F /* StickyCollectionView.framework in Embed Frameworks */,
			);
			name = "Embed Frameworks";
			runOnlyForDeploymentPostprocessing = 0;
		};
/* End PBXCopyFilesBuildPhase section */

/* Begin PBXFileReference section */
		D8E703EFF579464717EA5775 /* libPods-First Demo.a */ = {isa = PBXFileReference; explicitFileType = archive.ar; includeInIndex = 0; path = "libPods-First Demo.a"; sourceTree = BUILT_PRODUCTS_DIR; };
		E735FE3EBBA827E0D6CDC7BC /* Pods-First Demo.debug.xcconfig */ = {isa = PBXFileReference; includeInIndex = 1; lastKnownFileType = text.xcconfig; name = "Pods-First Demo.debug.xcconfig"; path = "Pods/Target Support Files/Pods-First Demo/Pods-First Demo.debug.xcconfig"; sourceTree = "<group>"; };
		F300B75E224CDEA500A7A568 /* LocationSection.swift */ = {isa = PBXFileReference; lastKnownFileType = sourcecode.swift; path = LocationSection.swift; sourceTree = "<group>"; };
		F300B760224CE57100A7A568 /* LocationsTable.swift */ = {isa = PBXFileReference; lastKnownFileType = sourcecode.swift; path = LocationsTable.swift; sourceTree = "<group>"; };
		F300B762224F8CE100A7A568 /* PersonalInfoSection.swift */ = {isa = PBXFileReference; lastKnownFileType = sourcecode.swift; path = PersonalInfoSection.swift; sourceTree = "<group>"; };
		F300B769225336F000A7A568 /* ModifyLocationOperation.swift */ = {isa = PBXFileReference; lastKnownFileType = sourcecode.swift; path = ModifyLocationOperation.swift; sourceTree = "<group>"; };
		F300B76B2253642500A7A568 /* GetPredictionsOperation.swift */ = {isa = PBXFileReference; lastKnownFileType = sourcecode.swift; path = GetPredictionsOperation.swift; sourceTree = "<group>"; };
		F300B76D2253657F00A7A568 /* GetPlaceDetailsOperation.swift */ = {isa = PBXFileReference; lastKnownFileType = sourcecode.swift; path = GetPlaceDetailsOperation.swift; sourceTree = "<group>"; };
		F300B76F2253BCC800A7A568 /* GetLocationsOperation.swift */ = {isa = PBXFileReference; lastKnownFileType = sourcecode.swift; path = GetLocationsOperation.swift; sourceTree = "<group>"; };
		F34335222246D45A0050F17D /* NewLocationViewController.swift */ = {isa = PBXFileReference; lastKnownFileType = sourcecode.swift; path = NewLocationViewController.swift; sourceTree = "<group>"; };
		F3433524224AA6010050F17D /* ExampleData.swift */ = {isa = PBXFileReference; lastKnownFileType = sourcecode.swift; path = ExampleData.swift; sourceTree = "<group>"; };
		F3433528224AA8580050F17D /* CollapsibleTableViewController.swift */ = {isa = PBXFileReference; lastKnownFileType = sourcecode.swift; path = CollapsibleTableViewController.swift; sourceTree = "<group>"; };
		F343352A224AA8C70050F17D /* CollapsibleTableViewHeader.swift */ = {isa = PBXFileReference; lastKnownFileType = sourcecode.swift; path = CollapsibleTableViewHeader.swift; sourceTree = "<group>"; };
		F343352C224AAB5F0050F17D /* Extensions.swift */ = {isa = PBXFileReference; lastKnownFileType = sourcecode.swift; path = Extensions.swift; sourceTree = "<group>"; };
		F34E8303225A28EA00043F6F /* GridViewController.swift */ = {isa = PBXFileReference; lastKnownFileType = sourcecode.swift; path = GridViewController.swift; sourceTree = "<group>"; };
		F34E8378225A593300043F6F /* StickyCollectionView.framework */ = {isa = PBXFileReference; explicitFileType = wrapper.framework; path = StickyCollectionView.framework; sourceTree = BUILT_PRODUCTS_DIR; };
		F3B1ECE02246A8FC0049CBF6 /* First Demo.app */ = {isa = PBXFileReference; explicitFileType = wrapper.application; includeInIndex = 0; path = "First Demo.app"; sourceTree = BUILT_PRODUCTS_DIR; };
		F3B1ECE32246A8FC0049CBF6 /* AppDelegate.swift */ = {isa = PBXFileReference; lastKnownFileType = sourcecode.swift; path = AppDelegate.swift; sourceTree = "<group>"; };
		F3B1ECE52246A8FC0049CBF6 /* MapViewController.swift */ = {isa = PBXFileReference; lastKnownFileType = sourcecode.swift; path = MapViewController.swift; sourceTree = "<group>"; };
		F3B1ECE82246A8FC0049CBF6 /* Base */ = {isa = PBXFileReference; lastKnownFileType = file.storyboard; name = Base; path = Base.lproj/Main.storyboard; sourceTree = "<group>"; };
		F3B1ECEA2246A8FD0049CBF6 /* Assets.xcassets */ = {isa = PBXFileReference; lastKnownFileType = folder.assetcatalog; path = Assets.xcassets; sourceTree = "<group>"; };
		F3B1ECED2246A8FD0049CBF6 /* Base */ = {isa = PBXFileReference; lastKnownFileType = file.storyboard; name = Base; path = Base.lproj/LaunchScreen.storyboard; sourceTree = "<group>"; };
		F3B1ECEF2246A8FD0049CBF6 /* Info.plist */ = {isa = PBXFileReference; lastKnownFileType = text.plist.xml; path = Info.plist; sourceTree = "<group>"; };
		F3B1ECF42246A8FD0049CBF6 /* First DemoTests.xctest */ = {isa = PBXFileReference; explicitFileType = wrapper.cfbundle; includeInIndex = 0; path = "First DemoTests.xctest"; sourceTree = BUILT_PRODUCTS_DIR; };
		F3B1ECF82246A8FD0049CBF6 /* First_DemoTests.swift */ = {isa = PBXFileReference; lastKnownFileType = sourcecode.swift; path = First_DemoTests.swift; sourceTree = "<group>"; };
		F3B1ECFA2246A8FD0049CBF6 /* Info.plist */ = {isa = PBXFileReference; lastKnownFileType = text.plist.xml; path = Info.plist; sourceTree = "<group>"; };
		F3B1ECFF2246A8FD0049CBF6 /* First DemoUITests.xctest */ = {isa = PBXFileReference; explicitFileType = wrapper.cfbundle; includeInIndex = 0; path = "First DemoUITests.xctest"; sourceTree = BUILT_PRODUCTS_DIR; };
		F3B1ED032246A8FD0049CBF6 /* First_DemoUITests.swift */ = {isa = PBXFileReference; lastKnownFileType = sourcecode.swift; path = First_DemoUITests.swift; sourceTree = "<group>"; };
		F3B1ED052246A8FD0049CBF6 /* Info.plist */ = {isa = PBXFileReference; lastKnownFileType = text.plist.xml; path = Info.plist; sourceTree = "<group>"; };
		F469D41568240E68565C4FAD /* Pods-First Demo.release.xcconfig */ = {isa = PBXFileReference; includeInIndex = 1; lastKnownFileType = text.xcconfig; name = "Pods-First Demo.release.xcconfig"; path = "Pods/Target Support Files/Pods-First Demo/Pods-First Demo.release.xcconfig"; sourceTree = "<group>"; };
/* End PBXFileReference section */

/* Begin PBXFrameworksBuildPhase section */
		F3B1ECDD2246A8FC0049CBF6 /* Frameworks */ = {
			isa = PBXFrameworksBuildPhase;
			buildActionMask = 2147483647;
			files = (
				F34E8379225A593300043F6F /* StickyCollectionView.framework in Frameworks */,
				75B2652FBCFCEFF3B1D97B14 /* libPods-First Demo.a in Frameworks */,
			);
			runOnlyForDeploymentPostprocessing = 0;
		};
		F3B1ECF12246A8FD0049CBF6 /* Frameworks */ = {
			isa = PBXFrameworksBuildPhase;
			buildActionMask = 2147483647;
			files = (
			);
			runOnlyForDeploymentPostprocessing = 0;
		};
		F3B1ECFC2246A8FD0049CBF6 /* Frameworks */ = {
			isa = PBXFrameworksBuildPhase;
			buildActionMask = 2147483647;
			files = (
			);
			runOnlyForDeploymentPostprocessing = 0;
		};
/* End PBXFrameworksBuildPhase section */

/* Begin PBXGroup section */
		06FACFDB6C38DCACFFCD8DF9 /* Frameworks */ = {
			isa = PBXGroup;
			children = (
				D8E703EFF579464717EA5775 /* libPods-First Demo.a */,
			);
			name = Frameworks;
			sourceTree = "<group>";
		};
		4C0B8A91768CB54B6B8E7B2E /* Pods */ = {
			isa = PBXGroup;
			children = (
				E735FE3EBBA827E0D6CDC7BC /* Pods-First Demo.debug.xcconfig */,
				F469D41568240E68565C4FAD /* Pods-First Demo.release.xcconfig */,
			);
			name = Pods;
			sourceTree = "<group>";
		};
		F300B768225336CA00A7A568 /* Operations */ = {
			isa = PBXGroup;
			children = (
				F300B769225336F000A7A568 /* ModifyLocationOperation.swift */,
				F300B76B2253642500A7A568 /* GetPredictionsOperation.swift */,
				F300B76D2253657F00A7A568 /* GetPlaceDetailsOperation.swift */,
				F300B76F2253BCC800A7A568 /* GetLocationsOperation.swift */,
			);
			path = Operations;
			sourceTree = "<group>";
		};
		F34E837C225A6AE300043F6F /* ModifyLocation */ = {
			isa = PBXGroup;
			children = (
				F34335222246D45A0050F17D /* NewLocationViewController.swift */,
				F3433528224AA8580050F17D /* CollapsibleTableViewController.swift */,
				F343352A224AA8C70050F17D /* CollapsibleTableViewHeader.swift */,
				F300B75E224CDEA500A7A568 /* LocationSection.swift */,
				F300B760224CE57100A7A568 /* LocationsTable.swift */,
				F300B762224F8CE100A7A568 /* PersonalInfoSection.swift */,
			);
			path = ModifyLocation;
			sourceTree = "<group>";
		};
		F3B1ECD72246A8FC0049CBF6 = {
			isa = PBXGroup;
			children = (
				F34E8378225A593300043F6F /* StickyCollectionView.framework */,
				F3B1ECE22246A8FC0049CBF6 /* First Demo */,
				F3B1ECF72246A8FD0049CBF6 /* First DemoTests */,
				F3B1ED022246A8FD0049CBF6 /* First DemoUITests */,
				F3B1ECE12246A8FC0049CBF6 /* Products */,
				4C0B8A91768CB54B6B8E7B2E /* Pods */,
				06FACFDB6C38DCACFFCD8DF9 /* Frameworks */,
			);
			sourceTree = "<group>";
		};
		F3B1ECE12246A8FC0049CBF6 /* Products */ = {
			isa = PBXGroup;
			children = (
				F3B1ECE02246A8FC0049CBF6 /* First Demo.app */,
				F3B1ECF42246A8FD0049CBF6 /* First DemoTests.xctest */,
				F3B1ECFF2246A8FD0049CBF6 /* First DemoUITests.xctest */,
			);
			name = Products;
			sourceTree = "<group>";
		};
		F3B1ECE22246A8FC0049CBF6 /* First Demo */ = {
			isa = PBXGroup;
			children = (
				F34E837C225A6AE300043F6F /* ModifyLocation */,
				F300B768225336CA00A7A568 /* Operations */,
				F3B1ECE32246A8FC0049CBF6 /* AppDelegate.swift */,
				F3B1ECE52246A8FC0049CBF6 /* MapViewController.swift */,
				F3B1ECE72246A8FC0049CBF6 /* Main.storyboard */,
				F3B1ECEA2246A8FD0049CBF6 /* Assets.xcassets */,
				F3B1ECEC2246A8FD0049CBF6 /* LaunchScreen.storyboard */,
				F3B1ECEF2246A8FD0049CBF6 /* Info.plist */,
				F3433524224AA6010050F17D /* ExampleData.swift */,
				F343352C224AAB5F0050F17D /* Extensions.swift */,
				F34E8303225A28EA00043F6F /* GridViewController.swift */,
			);
			path = "First Demo";
			sourceTree = "<group>";
		};
		F3B1ECF72246A8FD0049CBF6 /* First DemoTests */ = {
			isa = PBXGroup;
			children = (
				F3B1ECF82246A8FD0049CBF6 /* First_DemoTests.swift */,
				F3B1ECFA2246A8FD0049CBF6 /* Info.plist */,
			);
			path = "First DemoTests";
			sourceTree = "<group>";
		};
		F3B1ED022246A8FD0049CBF6 /* First DemoUITests */ = {
			isa = PBXGroup;
			children = (
				F3B1ED032246A8FD0049CBF6 /* First_DemoUITests.swift */,
				F3B1ED052246A8FD0049CBF6 /* Info.plist */,
			);
			path = "First DemoUITests";
			sourceTree = "<group>";
		};
/* End PBXGroup section */

/* Begin PBXNativeTarget section */
		F3B1ECDF2246A8FC0049CBF6 /* First Demo */ = {
			isa = PBXNativeTarget;
			buildConfigurationList = F3B1ED082246A8FD0049CBF6 /* Build configuration list for PBXNativeTarget "First Demo" */;
			buildPhases = (
				C4EB5B937D85CF72F0B7A287 /* [CP] Check Pods Manifest.lock */,
				F3B1ECDC2246A8FC0049CBF6 /* Sources */,
				F3B1ECDD2246A8FC0049CBF6 /* Frameworks */,
				F3B1ECDE2246A8FC0049CBF6 /* Resources */,
				3A15684FC8DAF04AB8581550 /* [CP] Copy Pods Resources */,
				F34E837B225A593300043F6F /* Embed Frameworks */,
			);
			buildRules = (
			);
			dependencies = (
			);
			name = "First Demo";
			productName = "First Demo";
			productReference = F3B1ECE02246A8FC0049CBF6 /* First Demo.app */;
			productType = "com.apple.product-type.application";
		};
		F3B1ECF32246A8FD0049CBF6 /* First DemoTests */ = {
			isa = PBXNativeTarget;
			buildConfigurationList = F3B1ED0B2246A8FD0049CBF6 /* Build configuration list for PBXNativeTarget "First DemoTests" */;
			buildPhases = (
				F3B1ECF02246A8FD0049CBF6 /* Sources */,
				F3B1ECF12246A8FD0049CBF6 /* Frameworks */,
				F3B1ECF22246A8FD0049CBF6 /* Resources */,
			);
			buildRules = (
			);
			dependencies = (
				F3B1ECF62246A8FD0049CBF6 /* PBXTargetDependency */,
			);
			name = "First DemoTests";
			productName = "First DemoTests";
			productReference = F3B1ECF42246A8FD0049CBF6 /* First DemoTests.xctest */;
			productType = "com.apple.product-type.bundle.unit-test";
		};
		F3B1ECFE2246A8FD0049CBF6 /* First DemoUITests */ = {
			isa = PBXNativeTarget;
			buildConfigurationList = F3B1ED0E2246A8FD0049CBF6 /* Build configuration list for PBXNativeTarget "First DemoUITests" */;
			buildPhases = (
				F3B1ECFB2246A8FD0049CBF6 /* Sources */,
				F3B1ECFC2246A8FD0049CBF6 /* Frameworks */,
				F3B1ECFD2246A8FD0049CBF6 /* Resources */,
			);
			buildRules = (
			);
			dependencies = (
				F3B1ED012246A8FD0049CBF6 /* PBXTargetDependency */,
			);
			name = "First DemoUITests";
			productName = "First DemoUITests";
			productReference = F3B1ECFF2246A8FD0049CBF6 /* First DemoUITests.xctest */;
			productType = "com.apple.product-type.bundle.ui-testing";
		};
/* End PBXNativeTarget section */

/* Begin PBXProject section */
		F3B1ECD82246A8FC0049CBF6 /* Project object */ = {
			isa = PBXProject;
			attributes = {
				LastSwiftUpdateCheck = 0940;
				LastUpgradeCheck = 0940;
				ORGANIZATIONNAME = "Yauheni Paulavets";
				TargetAttributes = {
					F3B1ECDF2246A8FC0049CBF6 = {
						CreatedOnToolsVersion = 9.4.1;
					};
					F3B1ECF32246A8FD0049CBF6 = {
						CreatedOnToolsVersion = 9.4.1;
						TestTargetID = F3B1ECDF2246A8FC0049CBF6;
					};
					F3B1ECFE2246A8FD0049CBF6 = {
						CreatedOnToolsVersion = 9.4.1;
						TestTargetID = F3B1ECDF2246A8FC0049CBF6;
					};
				};
			};
			buildConfigurationList = F3B1ECDB2246A8FC0049CBF6 /* Build configuration list for PBXProject "First Demo" */;
			compatibilityVersion = "Xcode 9.3";
			developmentRegion = en;
			hasScannedForEncodings = 0;
			knownRegions = (
				en,
				Base,
			);
			mainGroup = F3B1ECD72246A8FC0049CBF6;
			productRefGroup = F3B1ECE12246A8FC0049CBF6 /* Products */;
			projectDirPath = "";
			projectRoot = "";
			targets = (
				F3B1ECDF2246A8FC0049CBF6 /* First Demo */,
				F3B1ECF32246A8FD0049CBF6 /* First DemoTests */,
				F3B1ECFE2246A8FD0049CBF6 /* First DemoUITests */,
			);
		};
/* End PBXProject section */

/* Begin PBXResourcesBuildPhase section */
		F3B1ECDE2246A8FC0049CBF6 /* Resources */ = {
			isa = PBXResourcesBuildPhase;
			buildActionMask = 2147483647;
			files = (
				F3B1ECEE2246A8FD0049CBF6 /* LaunchScreen.storyboard in Resources */,
				F3B1ECEB2246A8FD0049CBF6 /* Assets.xcassets in Resources */,
				F3B1ECE92246A8FC0049CBF6 /* Main.storyboard in Resources */,
			);
			runOnlyForDeploymentPostprocessing = 0;
		};
		F3B1ECF22246A8FD0049CBF6 /* Resources */ = {
			isa = PBXResourcesBuildPhase;
			buildActionMask = 2147483647;
			files = (
			);
			runOnlyForDeploymentPostprocessing = 0;
		};
		F3B1ECFD2246A8FD0049CBF6 /* Resources */ = {
			isa = PBXResourcesBuildPhase;
			buildActionMask = 2147483647;
			files = (
			);
			runOnlyForDeploymentPostprocessing = 0;
		};
/* End PBXResourcesBuildPhase section */

/* Begin PBXShellScriptBuildPhase section */
		3A15684FC8DAF04AB8581550 /* [CP] Copy Pods Resources */ = {
			isa = PBXShellScriptBuildPhase;
			buildActionMask = 2147483647;
			files = (
			);
			inputPaths = (
				"${SRCROOT}/Pods/Target Support Files/Pods-First Demo/Pods-First Demo-resources.sh",
				"${PODS_ROOT}/GoogleMaps/Maps/Frameworks/GoogleMaps.framework/Resources/GoogleMaps.bundle",
				"${PODS_ROOT}/GooglePlaces/Frameworks/GooglePlaces.framework/Resources/GooglePlaces.bundle",
			);
			name = "[CP] Copy Pods Resources";
			outputPaths = (
				"${TARGET_BUILD_DIR}/${UNLOCALIZED_RESOURCES_FOLDER_PATH}/GoogleMaps.bundle",
				"${TARGET_BUILD_DIR}/${UNLOCALIZED_RESOURCES_FOLDER_PATH}/GooglePlaces.bundle",
			);
			runOnlyForDeploymentPostprocessing = 0;
			shellPath = /bin/sh;
			shellScript = "\"${SRCROOT}/Pods/Target Support Files/Pods-First Demo/Pods-First Demo-resources.sh\"\n";
			showEnvVarsInLog = 0;
		};
		C4EB5B937D85CF72F0B7A287 /* [CP] Check Pods Manifest.lock */ = {
			isa = PBXShellScriptBuildPhase;
			buildActionMask = 2147483647;
			files = (
			);
			inputPaths = (
				"${PODS_PODFILE_DIR_PATH}/Podfile.lock",
				"${PODS_ROOT}/Manifest.lock",
			);
			name = "[CP] Check Pods Manifest.lock";
			outputPaths = (
				"$(DERIVED_FILE_DIR)/Pods-First Demo-checkManifestLockResult.txt",
			);
			runOnlyForDeploymentPostprocessing = 0;
			shellPath = /bin/sh;
			shellScript = "diff \"${PODS_PODFILE_DIR_PATH}/Podfile.lock\" \"${PODS_ROOT}/Manifest.lock\" > /dev/null\nif [ $? != 0 ] ; then\n    # print error to STDERR\n    echo \"error: The sandbox is not in sync with the Podfile.lock. Run 'pod install' or update your CocoaPods installation.\" >&2\n    exit 1\nfi\n# This output is used by Xcode 'outputs' to avoid re-running this script phase.\necho \"SUCCESS\" > \"${SCRIPT_OUTPUT_FILE_0}\"\n";
			showEnvVarsInLog = 0;
		};
/* End PBXShellScriptBuildPhase section */

/* Begin PBXSourcesBuildPhase section */
		F3B1ECDC2246A8FC0049CBF6 /* Sources */ = {
			isa = PBXSourcesBuildPhase;
			buildActionMask = 2147483647;
			files = (
				F343352B224AA8C70050F17D /* CollapsibleTableViewHeader.swift in Sources */,
				F3433529224AA8580050F17D /* CollapsibleTableViewController.swift in Sources */,
				F34335232246D45A0050F17D /* NewLocationViewController.swift in Sources */,
				F300B76E2253657F00A7A568 /* GetPlaceDetailsOperation.swift in Sources */,
				F34E8304225A28EA00043F6F /* GridViewController.swift in Sources */,
				F300B76A225336F000A7A568 /* ModifyLocationOperation.swift in Sources */,
				F343352D224AAB5F0050F17D /* Extensions.swift in Sources */,
				F3B1ECE62246A8FC0049CBF6 /* MapViewController.swift in Sources */,
				F300B761224CE57100A7A568 /* LocationsTable.swift in Sources */,
				F300B763224F8CE100A7A568 /* PersonalInfoSection.swift in Sources */,
				F300B75F224CDEA500A7A568 /* LocationSection.swift in Sources */,
				F300B76C2253642500A7A568 /* GetPredictionsOperation.swift in Sources */,
				F3433525224AA6010050F17D /* ExampleData.swift in Sources */,
				F3B1ECE42246A8FC0049CBF6 /* AppDelegate.swift in Sources */,
				F300B7702253BCC800A7A568 /* GetLocationsOperation.swift in Sources */,
			);
			runOnlyForDeploymentPostprocessing = 0;
		};
		F3B1ECF02246A8FD0049CBF6 /* Sources */ = {
			isa = PBXSourcesBuildPhase;
			buildActionMask = 2147483647;
			files = (
				F3B1ECF92246A8FD0049CBF6 /* First_DemoTests.swift in Sources */,
			);
			runOnlyForDeploymentPostprocessing = 0;
		};
		F3B1ECFB2246A8FD0049CBF6 /* Sources */ = {
			isa = PBXSourcesBuildPhase;
			buildActionMask = 2147483647;
			files = (
				F3B1ED042246A8FD0049CBF6 /* First_DemoUITests.swift in Sources */,
			);
			runOnlyForDeploymentPostprocessing = 0;
		};
/* End PBXSourcesBuildPhase section */

/* Begin PBXTargetDependency section */
		F3B1ECF62246A8FD0049CBF6 /* PBXTargetDependency */ = {
			isa = PBXTargetDependency;
			target = F3B1ECDF2246A8FC0049CBF6 /* First Demo */;
			targetProxy = F3B1ECF52246A8FD0049CBF6 /* PBXContainerItemProxy */;
		};
		F3B1ED012246A8FD0049CBF6 /* PBXTargetDependency */ = {
			isa = PBXTargetDependency;
			target = F3B1ECDF2246A8FC0049CBF6 /* First Demo */;
			targetProxy = F3B1ED002246A8FD0049CBF6 /* PBXContainerItemProxy */;
		};
/* End PBXTargetDependency section */

/* Begin PBXVariantGroup section */
		F3B1ECE72246A8FC0049CBF6 /* Main.storyboard */ = {
			isa = PBXVariantGroup;
			children = (
				F3B1ECE82246A8FC0049CBF6 /* Base */,
			);
			name = Main.storyboard;
			sourceTree = "<group>";
		};
		F3B1ECEC2246A8FD0049CBF6 /* LaunchScreen.storyboard */ = {
			isa = PBXVariantGroup;
			children = (
				F3B1ECED2246A8FD0049CBF6 /* Base */,
			);
			name = LaunchScreen.storyboard;
			sourceTree = "<group>";
		};
/* End PBXVariantGroup section */

/* Begin XCBuildConfiguration section */
		F3B1ED062246A8FD0049CBF6 /* Debug */ = {
			isa = XCBuildConfiguration;
			buildSettings = {
				ALWAYS_SEARCH_USER_PATHS = NO;
				CLANG_ANALYZER_NONNULL = YES;
				CLANG_ANALYZER_NUMBER_OBJECT_CONVERSION = YES_AGGRESSIVE;
				CLANG_CXX_LANGUAGE_STANDARD = "gnu++14";
				CLANG_CXX_LIBRARY = "libc++";
				CLANG_ENABLE_MODULES = YES;
				CLANG_ENABLE_OBJC_ARC = YES;
				CLANG_ENABLE_OBJC_WEAK = YES;
				CLANG_WARN_BLOCK_CAPTURE_AUTORELEASING = YES;
				CLANG_WARN_BOOL_CONVERSION = YES;
				CLANG_WARN_COMMA = YES;
				CLANG_WARN_CONSTANT_CONVERSION = YES;
				CLANG_WARN_DEPRECATED_OBJC_IMPLEMENTATIONS = YES;
				CLANG_WARN_DIRECT_OBJC_ISA_USAGE = YES_ERROR;
				CLANG_WARN_DOCUMENTATION_COMMENTS = YES;
				CLANG_WARN_EMPTY_BODY = YES;
				CLANG_WARN_ENUM_CONVERSION = YES;
				CLANG_WARN_INFINITE_RECURSION = YES;
				CLANG_WARN_INT_CONVERSION = YES;
				CLANG_WARN_NON_LITERAL_NULL_CONVERSION = YES;
				CLANG_WARN_OBJC_IMPLICIT_RETAIN_SELF = YES;
				CLANG_WARN_OBJC_LITERAL_CONVERSION = YES;
				CLANG_WARN_OBJC_ROOT_CLASS = YES_ERROR;
				CLANG_WARN_RANGE_LOOP_ANALYSIS = YES;
				CLANG_WARN_STRICT_PROTOTYPES = YES;
				CLANG_WARN_SUSPICIOUS_MOVE = YES;
				CLANG_WARN_UNGUARDED_AVAILABILITY = YES_AGGRESSIVE;
				CLANG_WARN_UNREACHABLE_CODE = YES;
				CLANG_WARN__DUPLICATE_METHOD_MATCH = YES;
				CODE_SIGN_IDENTITY = "iPhone Developer";
				COPY_PHASE_STRIP = NO;
				DEBUG_INFORMATION_FORMAT = dwarf;
				ENABLE_STRICT_OBJC_MSGSEND = YES;
				ENABLE_TESTABILITY = YES;
				GCC_C_LANGUAGE_STANDARD = gnu11;
				GCC_DYNAMIC_NO_PIC = NO;
				GCC_NO_COMMON_BLOCKS = YES;
				GCC_OPTIMIZATION_LEVEL = 0;
				GCC_PREPROCESSOR_DEFINITIONS = (
					"DEBUG=1",
					"$(inherited)",
				);
				GCC_WARN_64_TO_32_BIT_CONVERSION = YES;
				GCC_WARN_ABOUT_RETURN_TYPE = YES_ERROR;
				GCC_WARN_UNDECLARED_SELECTOR = YES;
				GCC_WARN_UNINITIALIZED_AUTOS = YES_AGGRESSIVE;
				GCC_WARN_UNUSED_FUNCTION = YES;
				GCC_WARN_UNUSED_VARIABLE = YES;
				IPHONEOS_DEPLOYMENT_TARGET = 11.4;
				MTL_ENABLE_DEBUG_INFO = YES;
				ONLY_ACTIVE_ARCH = YES;
				SDKROOT = iphoneos;
				SWIFT_ACTIVE_COMPILATION_CONDITIONS = DEBUG;
				SWIFT_OPTIMIZATION_LEVEL = "-Onone";
			};
			name = Debug;
		};
		F3B1ED072246A8FD0049CBF6 /* Release */ = {
			isa = XCBuildConfiguration;
			buildSettings = {
				ALWAYS_SEARCH_USER_PATHS = NO;
				CLANG_ANALYZER_NONNULL = YES;
				CLANG_ANALYZER_NUMBER_OBJECT_CONVERSION = YES_AGGRESSIVE;
				CLANG_CXX_LANGUAGE_STANDARD = "gnu++14";
				CLANG_CXX_LIBRARY = "libc++";
				CLANG_ENABLE_MODULES = YES;
				CLANG_ENABLE_OBJC_ARC = YES;
				CLANG_ENABLE_OBJC_WEAK = YES;
				CLANG_WARN_BLOCK_CAPTURE_AUTORELEASING = YES;
				CLANG_WARN_BOOL_CONVERSION = YES;
				CLANG_WARN_COMMA = YES;
				CLANG_WARN_CONSTANT_CONVERSION = YES;
				CLANG_WARN_DEPRECATED_OBJC_IMPLEMENTATIONS = YES;
				CLANG_WARN_DIRECT_OBJC_ISA_USAGE = YES_ERROR;
				CLANG_WARN_DOCUMENTATION_COMMENTS = YES;
				CLANG_WARN_EMPTY_BODY = YES;
				CLANG_WARN_ENUM_CONVERSION = YES;
				CLANG_WARN_INFINITE_RECURSION = YES;
				CLANG_WARN_INT_CONVERSION = YES;
				CLANG_WARN_NON_LITERAL_NULL_CONVERSION = YES;
				CLANG_WARN_OBJC_IMPLICIT_RETAIN_SELF = YES;
				CLANG_WARN_OBJC_LITERAL_CONVERSION = YES;
				CLANG_WARN_OBJC_ROOT_CLASS = YES_ERROR;
				CLANG_WARN_RANGE_LOOP_ANALYSIS = YES;
				CLANG_WARN_STRICT_PROTOTYPES = YES;
				CLANG_WARN_SUSPICIOUS_MOVE = YES;
				CLANG_WARN_UNGUARDED_AVAILABILITY = YES_AGGRESSIVE;
				CLANG_WARN_UNREACHABLE_CODE = YES;
				CLANG_WARN__DUPLICATE_METHOD_MATCH = YES;
				CODE_SIGN_IDENTITY = "iPhone Developer";
				COPY_PHASE_STRIP = NO;
				DEBUG_INFORMATION_FORMAT = "dwarf-with-dsym";
				ENABLE_NS_ASSERTIONS = NO;
				ENABLE_STRICT_OBJC_MSGSEND = YES;
				GCC_C_LANGUAGE_STANDARD = gnu11;
				GCC_NO_COMMON_BLOCKS = YES;
				GCC_WARN_64_TO_32_BIT_CONVERSION = YES;
				GCC_WARN_ABOUT_RETURN_TYPE = YES_ERROR;
				GCC_WARN_UNDECLARED_SELECTOR = YES;
				GCC_WARN_UNINITIALIZED_AUTOS = YES_AGGRESSIVE;
				GCC_WARN_UNUSED_FUNCTION = YES;
				GCC_WARN_UNUSED_VARIABLE = YES;
				IPHONEOS_DEPLOYMENT_TARGET = 11.4;
				MTL_ENABLE_DEBUG_INFO = NO;
				SDKROOT = iphoneos;
				SWIFT_COMPILATION_MODE = wholemodule;
				SWIFT_OPTIMIZATION_LEVEL = "-O";
				VALIDATE_PRODUCT = YES;
			};
			name = Release;
		};
		F3B1ED092246A8FD0049CBF6 /* Debug */ = {
			isa = XCBuildConfiguration;
			baseConfigurationReference = E735FE3EBBA827E0D6CDC7BC /* Pods-First Demo.debug.xcconfig */;
			buildSettings = {
				ASSETCATALOG_COMPILER_APPICON_NAME = AppIcon;
				CODE_SIGN_STYLE = Automatic;
				INFOPLIST_FILE = "First Demo/Info.plist";
				LD_RUNPATH_SEARCH_PATHS = (
					"$(inherited)",
					"@executable_path/Frameworks",
				);
				PRODUCT_BUNDLE_IDENTIFIER = "demo.first.First-Demo";
				PRODUCT_NAME = "$(TARGET_NAME)";
				SWIFT_VERSION = 4.0;
				TARGETED_DEVICE_FAMILY = "1,2";
			};
			name = Debug;
		};
		F3B1ED0A2246A8FD0049CBF6 /* Release */ = {
			isa = XCBuildConfiguration;
			baseConfigurationReference = F469D41568240E68565C4FAD /* Pods-First Demo.release.xcconfig */;
			buildSettings = {
				ASSETCATALOG_COMPILER_APPICON_NAME = AppIcon;
				CODE_SIGN_STYLE = Automatic;
				INFOPLIST_FILE = "First Demo/Info.plist";
				LD_RUNPATH_SEARCH_PATHS = (
					"$(inherited)",
					"@executable_path/Frameworks",
				);
				PRODUCT_BUNDLE_IDENTIFIER = "demo.first.First-Demo";
				PRODUCT_NAME = "$(TARGET_NAME)";
				SWIFT_VERSION = 4.0;
				TARGETED_DEVICE_FAMILY = "1,2";
			};
			name = Release;
		};
		F3B1ED0C2246A8FD0049CBF6 /* Debug */ = {
			isa = XCBuildConfiguration;
			buildSettings = {
				ALWAYS_EMBED_SWIFT_STANDARD_LIBRARIES = YES;
				BUNDLE_LOADER = "$(TEST_HOST)";
				CODE_SIGN_STYLE = Automatic;
				INFOPLIST_FILE = "First DemoTests/Info.plist";
				LD_RUNPATH_SEARCH_PATHS = (
					"$(inherited)",
					"@executable_path/Frameworks",
					"@loader_path/Frameworks",
				);
				PRODUCT_BUNDLE_IDENTIFIER = "demo.first.First-DemoTests";
				PRODUCT_NAME = "$(TARGET_NAME)";
				SWIFT_VERSION = 4.0;
				TARGETED_DEVICE_FAMILY = "1,2";
				TEST_HOST = "$(BUILT_PRODUCTS_DIR)/First Demo.app/First Demo";
			};
			name = Debug;
		};
		F3B1ED0D2246A8FD0049CBF6 /* Release */ = {
			isa = XCBuildConfiguration;
			buildSettings = {
				ALWAYS_EMBED_SWIFT_STANDARD_LIBRARIES = YES;
				BUNDLE_LOADER = "$(TEST_HOST)";
				CODE_SIGN_STYLE = Automatic;
				INFOPLIST_FILE = "First DemoTests/Info.plist";
				LD_RUNPATH_SEARCH_PATHS = (
					"$(inherited)",
					"@executable_path/Frameworks",
					"@loader_path/Frameworks",
				);
				PRODUCT_BUNDLE_IDENTIFIER = "demo.first.First-DemoTests";
				PRODUCT_NAME = "$(TARGET_NAME)";
				SWIFT_VERSION = 4.0;
				TARGETED_DEVICE_FAMILY = "1,2";
				TEST_HOST = "$(BUILT_PRODUCTS_DIR)/First Demo.app/First Demo";
			};
			name = Release;
		};
		F3B1ED0F2246A8FD0049CBF6 /* Debug */ = {
			isa = XCBuildConfiguration;
			buildSettings = {
				ALWAYS_EMBED_SWIFT_STANDARD_LIBRARIES = YES;
				CODE_SIGN_STYLE = Automatic;
				INFOPLIST_FILE = "First DemoUITests/Info.plist";
				LD_RUNPATH_SEARCH_PATHS = (
					"$(inherited)",
					"@executable_path/Frameworks",
					"@loader_path/Frameworks",
				);
				PRODUCT_BUNDLE_IDENTIFIER = "demo.first.First-DemoUITests";
				PRODUCT_NAME = "$(TARGET_NAME)";
				SWIFT_VERSION = 4.0;
				TARGETED_DEVICE_FAMILY = "1,2";
				TEST_TARGET_NAME = "First Demo";
			};
			name = Debug;
		};
		F3B1ED102246A8FD0049CBF6 /* Release */ = {
			isa = XCBuildConfiguration;
			buildSettings = {
				ALWAYS_EMBED_SWIFT_STANDARD_LIBRARIES = YES;
				CODE_SIGN_STYLE = Automatic;
				INFOPLIST_FILE = "First DemoUITests/Info.plist";
				LD_RUNPATH_SEARCH_PATHS = (
					"$(inherited)",
					"@executable_path/Frameworks",
					"@loader_path/Frameworks",
				);
				PRODUCT_BUNDLE_IDENTIFIER = "demo.first.First-DemoUITests";
				PRODUCT_NAME = "$(TARGET_NAME)";
				SWIFT_VERSION = 4.0;
				TARGETED_DEVICE_FAMILY = "1,2";
				TEST_TARGET_NAME = "First Demo";
			};
			name = Release;
		};
/* End XCBuildConfiguration section */

/* Begin XCConfigurationList section */
		F3B1ECDB2246A8FC0049CBF6 /* Build configuration list for PBXProject "First Demo" */ = {
			isa = XCConfigurationList;
			buildConfigurations = (
				F3B1ED062246A8FD0049CBF6 /* Debug */,
				F3B1ED072246A8FD0049CBF6 /* Release */,
			);
			defaultConfigurationIsVisible = 0;
			defaultConfigurationName = Release;
		};
		F3B1ED082246A8FD0049CBF6 /* Build configuration list for PBXNativeTarget "First Demo" */ = {
			isa = XCConfigurationList;
			buildConfigurations = (
				F3B1ED092246A8FD0049CBF6 /* Debug */,
				F3B1ED0A2246A8FD0049CBF6 /* Release */,
			);
			defaultConfigurationIsVisible = 0;
			defaultConfigurationName = Release;
		};
		F3B1ED0B2246A8FD0049CBF6 /* Build configuration list for PBXNativeTarget "First DemoTests" */ = {
			isa = XCConfigurationList;
			buildConfigurations = (
				F3B1ED0C2246A8FD0049CBF6 /* Debug */,
				F3B1ED0D2246A8FD0049CBF6 /* Release */,
			);
			defaultConfigurationIsVisible = 0;
			defaultConfigurationName = Release;
		};
		F3B1ED0E2246A8FD0049CBF6 /* Build configuration list for PBXNativeTarget "First DemoUITests" */ = {
			isa = XCConfigurationList;
			buildConfigurations = (
				F3B1ED0F2246A8FD0049CBF6 /* Debug */,
				F3B1ED102246A8FD0049CBF6 /* Release */,
			);
			defaultConfigurationIsVisible = 0;
			defaultConfigurationName = Release;
		};
/* End XCConfigurationList section */
	};
	rootObject = F3B1ECD82246A8FC0049CBF6 /* Project object */;
}
